
Microsoft Visual Studio Solution File, Format Version 12.00
# Visual Studio 14
VisualStudioVersion = 14.0.24720.0
MinimumVisualStudioVersion = 10.0.40219.1
Project("{FAE04EC0-301F-11D3-BF4B-00C04F79EFBC}") = "PFEditor", "PFEditor\PFEditor.csproj", "{8C631175-5BD7-4A79-833B-905A69B66AE4}"
EndProject
Global
	GlobalSection(SolutionConfigurationPlatforms) = preSolution
		Debug|Any CPU = Debug|Any CPU
		Release|Any CPU = Release|Any CPU
	EndGlobalSection
	GlobalSection(ProjectConfigurationPlatforms) = postSolution
		{8C631175-5BD7-4A79-833B-905A69B66AE4}.Debug|Any CPU.ActiveCfg = Debug|Any CPU
		{8C631175-5BD7-4A79-833B-905A69B66AE4}.Debug|Any CPU.Build.0 = Debug|Any CPU
		{8C631175-5BD7-4A79-833B-905A69B66AE4}.Release|Any CPU.ActiveCfg = Release|Any CPU
		{8C631175-5BD7-4A79-833B-905A69B66AE4}.Release|Any CPU.Build.0 = Release|Any CPU
	EndGlobalSection
	GlobalSection(SolutionProperties) = preSolution
		HideSolutionNode = FALSE
	EndGlobalSection
EndGlobal
